
Microsoft Visual Studio Solution File, Format Version 12.00
# Visual Studio Version 17
VisualStudioVersion = 17.0.31903.59
MinimumVisualStudioVersion = 10.0.40219.1
Project("{FAE04EC0-301F-11D3-BF4B-00C04F79EFBC}") = "Number Reader", "Number Reader\Number Reader.csproj", "{9F96258B-B105-4FFF-8FAB-F93F70DBEB78}"
EndProject
Global
	GlobalSection(SolutionConfigurationPlatforms) = preSolution
		Debug|Any CPU = Debug|Any CPU
		Release|Any CPU = Release|Any CPU
	EndGlobalSection
	GlobalSection(ProjectConfigurationPlatforms) = postSolution
		{9F96258B-B105-4FFF-8FAB-F93F70DBEB78}.Debug|Any CPU.ActiveCfg = Debug|Any CPU
		{9F96258B-B105-4FFF-8FAB-F93F70DBEB78}.Debug|Any CPU.Build.0 = Debug|Any CPU
		{9F96258B-B105-4FFF-8FAB-F93F70DBEB78}.Release|Any CPU.ActiveCfg = Release|Any CPU
		{9F96258B-B105-4FFF-8FAB-F93F70DBEB78}.Release|Any CPU.Build.0 = Release|Any CPU
	EndGlobalSection
	GlobalSection(SolutionProperties) = preSolution
		HideSolutionNode = FALSE
	EndGlobalSection
	GlobalSection(ExtensibilityGlobals) = postSolution
		SolutionGuid = {85FD0160-4D81-4A3F-9693-8B1890DEE870}
	EndGlobalSection
EndGlobal
